
Microsoft Visual Studio Solution File, Format Version 12.00
# Visual Studio Version 16
VisualStudioVersion = 16.0.29201.188
MinimumVisualStudioVersion = 10.0.40219.1
Project("{00D1A9C2-B5F0-4AF3-8072-F6C62B433612}") = "mssqlgdprcomplianceframework", "mssqlgdprcomplianceframework.sqlproj", "{307D4768-AD29-48CD-B4B4-93AFBE0CACFA}"
EndProject
Global
	GlobalSection(SolutionConfigurationPlatforms) = preSolution
		Debug|Any CPU = Debug|Any CPU
		Release|Any CPU = Release|Any CPU
	EndGlobalSection
	GlobalSection(ProjectConfigurationPlatforms) = postSolution
		{307D4768-AD29-48CD-B4B4-93AFBE0CACFA}.Debug|Any CPU.ActiveCfg = Debug|Any CPU
		{307D4768-AD29-48CD-B4B4-93AFBE0CACFA}.Debug|Any CPU.Build.0 = Debug|Any CPU
		{307D4768-AD29-48CD-B4B4-93AFBE0CACFA}.Debug|Any CPU.Deploy.0 = Debug|Any CPU
		{307D4768-AD29-48CD-B4B4-93AFBE0CACFA}.Release|Any CPU.ActiveCfg = Release|Any CPU
		{307D4768-AD29-48CD-B4B4-93AFBE0CACFA}.Release|Any CPU.Build.0 = Release|Any CPU
		{307D4768-AD29-48CD-B4B4-93AFBE0CACFA}.Release|Any CPU.Deploy.0 = Release|Any CPU
	EndGlobalSection
	GlobalSection(SolutionProperties) = preSolution
		HideSolutionNode = FALSE
	EndGlobalSection
	GlobalSection(ExtensibilityGlobals) = postSolution
		SolutionGuid = {01FBA39E-CED2-4820-BF5A-D2DA5BCD0711}
	EndGlobalSection
EndGlobal
